
Microsoft Visual Studio Solution File, Format Version 12.00
# Visual Studio 15
VisualStudioVersion = 15.0.28307.757
MinimumVisualStudioVersion = 10.0.40219.1
Project("{FAE04EC0-301F-11D3-BF4B-00C04F79EFBC}") = "LiveCommerce", "LiveCommerce\LiveCommerce.csproj", "{D4390DE4-372C-453D-A08E-78FCDD9FC7E4}"
EndProject
Project("{FAE04EC0-301F-11D3-BF4B-00C04F79EFBC}") = "Validacao", "Validacao\Validacao.csproj", "{999D9514-D622-4811-A70F-8F282A6A1004}"
EndProject
Global
	GlobalSection(SolutionConfigurationPlatforms) = preSolution
		Debug|Any CPU = Debug|Any CPU
		Release|Any CPU = Release|Any CPU
	EndGlobalSection
	GlobalSection(ProjectConfigurationPlatforms) = postSolution
		{D4390DE4-372C-453D-A08E-78FCDD9FC7E4}.Debug|Any CPU.ActiveCfg = Debug|Any CPU
		{D4390DE4-372C-453D-A08E-78FCDD9FC7E4}.Debug|Any CPU.Build.0 = Debug|Any CPU
		{D4390DE4-372C-453D-A08E-78FCDD9FC7E4}.Release|Any CPU.ActiveCfg = Release|Any CPU
		{D4390DE4-372C-453D-A08E-78FCDD9FC7E4}.Release|Any CPU.Build.0 = Release|Any CPU
		{999D9514-D622-4811-A70F-8F282A6A1004}.Debug|Any CPU.ActiveCfg = Debug|Any CPU
		{999D9514-D622-4811-A70F-8F282A6A1004}.Debug|Any CPU.Build.0 = Debug|Any CPU
		{999D9514-D622-4811-A70F-8F282A6A1004}.Release|Any CPU.ActiveCfg = Release|Any CPU
		{999D9514-D622-4811-A70F-8F282A6A1004}.Release|Any CPU.Build.0 = Release|Any CPU
	EndGlobalSection
	GlobalSection(SolutionProperties) = preSolution
		HideSolutionNode = FALSE
	EndGlobalSection
	GlobalSection(ExtensibilityGlobals) = postSolution
		SolutionGuid = {8D475D49-B1E2-4C00-A2D7-F49ED02F9939}
	EndGlobalSection
EndGlobal
